
Microsoft Visual Studio Solution File, Format Version 12.00
# Visual Studio 15
VisualStudioVersion = 15.0.27703.2042
MinimumVisualStudioVersion = 10.0.40219.1
Project("{FAE04EC0-301F-11D3-BF4B-00C04F79EFBC}") = "QueuePublisher", "src\QueuePublisher.csproj", "{884F2D4B-F049-4988-A7F5-5AD4A49C7637}"
EndProject
Global
	GlobalSection(SolutionConfigurationPlatforms) = preSolution
		Debug|Any CPU = Debug|Any CPU
		Release|Any CPU = Release|Any CPU
	EndGlobalSection
	GlobalSection(ProjectConfigurationPlatforms) = postSolution
		{884F2D4B-F049-4988-A7F5-5AD4A49C7637}.Debug|Any CPU.ActiveCfg = Debug|Any CPU
		{884F2D4B-F049-4988-A7F5-5AD4A49C7637}.Debug|Any CPU.Build.0 = Debug|Any CPU
		{884F2D4B-F049-4988-A7F5-5AD4A49C7637}.Release|Any CPU.ActiveCfg = Release|Any CPU
		{884F2D4B-F049-4988-A7F5-5AD4A49C7637}.Release|Any CPU.Build.0 = Release|Any CPU
	EndGlobalSection
	GlobalSection(SolutionProperties) = preSolution
		HideSolutionNode = FALSE
	EndGlobalSection
	GlobalSection(ExtensibilityGlobals) = postSolution
		SolutionGuid = {F9E4ED09-3CEA-4858-A0B8-4F3475F74BD4}
	EndGlobalSection
EndGlobal
